{
  "name": "trpc",
  "version": "1.0.0",
  "lockfileVersion": 3,
  "requires": true,
  "packages": {
    "": {
      "name": "trpc",
      "version": "1.0.0",
      "license": "ISC",
      "dependencies": {
        "@trpc/client": "^11.17.0",
        "@trpc/server": "^11.17.0",
        "zod": "^4.4.3"
      }
    },
    "node_modules/@trpc/client": {
      "version": "11.17.0",
      "resolved": "https://registry.npmjs.org/@trpc/client/-/client-11.17.0.tgz",
      "integrity": "sha512-KpJBFrbKTDeVCFv/3ckL1XBBH5Yssn8hethI/rUy7GIpTj+VzjtPjykDqJpzobuVOz+d26cXCSu1t4I6MYI5Zg==",
      "funding": [
        "https://trpc.io/sponsor"
      ],
      "bin": {
        "intent": "bin/intent.js"
      },
      "peerDependencies": {
        "@trpc/server": "11.17.0",
        "typescript": ">=5.7.2"
      }
    },
    "node_modules/@trpc/server": {
      "version": "11.17.0",
      "resolved": "https://registry.npmjs.org/@trpc/server/-/server-11.17.0.tgz",
      "integrity": "sha512-jbAOUe0PpUTCYqziyu+8vYXZdDXPudZgnEhWCQ2NjKnVEjfE93RqHTt1oycZJv/HNf51YlRXfEEwSIAbb161rw==",
      "funding": [
        "https://trpc.io/sponsor"
      ],
      "bin": {
        "intent": "bin/intent.js"
      },
      "peerDependencies": {
        "typescript": ">=5.7.2"
      }
    },
    "node_modules/typescript": {
      "version": "6.0.3",
      "resolved": "https://registry.npmjs.org/typescript/-/typescript-6.0.3.tgz",
      "integrity": "sha512-y2TvuxSZPDyQakkFRPZHKFm+KKVqIisdg9/CZwm9ftvKXLP8NRWj38/ODjNbr43SsoXqNuAisEf1GdCxqWcdBw==",
      "peer": true,
      "bin": {
        "tsc": "bin/tsc",
        "tsserver": "bin/tsserver"
      },
      "engines": {
        "node": ">=14.17"
      }
    },
    "node_modules/zod": {
      "version": "4.4.3",
      "resolved": "https://registry.npmjs.org/zod/-/zod-4.4.3.tgz",
      "integrity": "sha512-ytENFjIJFl2UwYglde2jchW2Hwm4GJFLDiSXWdTrJQBIN9Fcyp7n4DhxJEiWNAJMV1/BqWfW/kkg71UDcHJyTQ==",
      "funding": {
        "url": "https://github.com/sponsors/colinhacks"
      }
    }
  }
}
